// !$*UTF8*$!
{
	archiveVersion = 1;
	classes = {
	};
	objectVersion = 56;
	objects = {

/* Begin PBXBuildFile section */
		5B27696BB4895E0E997CD77A /* Pods_INUPhoneBook.framework in Frameworks */ = {isa = PBXBuildFile; fileRef = C7D4F627CDF64F28CC0C2533 /* Pods_INUPhoneBook.framework */; };
		EE1678B72AAC919D000558EC /* UIImageExtension.swift in Sources */ = {isa = PBXBuildFile; fileRef = EE1678B62AAC919D000558EC /* UIImageExtension.swift */; };
		EE1678D22AB2B1FF000558EC /* ConfirmPopUp.swift in Sources */ = {isa = PBXBuildFile; fileRef = EE1678D12AB2B1FF000558EC /* ConfirmPopUp.swift */; };
		EE1678D72AB2F07E000558EC /* UIColorExtension.swift in Sources */ = {isa = PBXBuildFile; fileRef = EE1678D62AB2F07E000558EC /* UIColorExtension.swift */; };
		EE17F0902A82584600BA7EF0 /* SplashScreen.mp4 in Resources */ = {isa = PBXBuildFile; fileRef = EE17F08F2A82584600BA7EF0 /* SplashScreen.mp4 */; };
		EE17F0932A825A9000BA7EF0 /* SplashScreenController.swift in Sources */ = {isa = PBXBuildFile; fileRef = EE17F0922A825A9000BA7EF0 /* SplashScreenController.swift */; };
		EE17F0A62A83385A00BA7EF0 /* UserManager.swift in Sources */ = {isa = PBXBuildFile; fileRef = EE17F0A52A83385A00BA7EF0 /* UserManager.swift */; };
		EE17F0A92A8338B100BA7EF0 /* NetworkManager.swift in Sources */ = {isa = PBXBuildFile; fileRef = EE17F0A82A8338B100BA7EF0 /* NetworkManager.swift */; };
		EE17F0AB2A83395F00BA7EF0 /* User.swift in Sources */ = {isa = PBXBuildFile; fileRef = EE17F0AA2A83395F00BA7EF0 /* User.swift */; };
		EE17F0AD2A83574F00BA7EF0 /* CoreDataManager.swift in Sources */ = {isa = PBXBuildFile; fileRef = EE17F0AC2A83574F00BA7EF0 /* CoreDataManager.swift */; };
		EE39A3092AB8748500830162 /* SearchBarExtension.swift in Sources */ = {isa = PBXBuildFile; fileRef = EE39A3082AB8748500830162 /* SearchBarExtension.swift */; };
		EE39A3352ABD8BF700830162 /* Pretendard-SemiBold.otf in Resources */ = {isa = PBXBuildFile; fileRef = EE39A32C2ABD8BF700830162 /* Pretendard-SemiBold.otf */; };
		EE39A3362ABD8BF700830162 /* Pretendard-Regular.otf in Resources */ = {isa = PBXBuildFile; fileRef = EE39A32D2ABD8BF700830162 /* Pretendard-Regular.otf */; };
		EE39A3372ABD8BF700830162 /* Pretendard-Light.otf in Resources */ = {isa = PBXBuildFile; fileRef = EE39A32E2ABD8BF700830162 /* Pretendard-Light.otf */; };
		EE39A3382ABD8BF700830162 /* Pretendard-Bold.otf in Resources */ = {isa = PBXBuildFile; fileRef = EE39A32F2ABD8BF700830162 /* Pretendard-Bold.otf */; };
		EE39A3392ABD8BF700830162 /* Pretendard-ExtraBold.otf in Resources */ = {isa = PBXBuildFile; fileRef = EE39A3302ABD8BF700830162 /* Pretendard-ExtraBold.otf */; };
		EE39A33A2ABD8BF700830162 /* Pretendard-ExtraLight.otf in Resources */ = {isa = PBXBuildFile; fileRef = EE39A3312ABD8BF700830162 /* Pretendard-ExtraLight.otf */; };
		EE39A33B2ABD8BF700830162 /* Pretendard-Black.otf in Resources */ = {isa = PBXBuildFile; fileRef = EE39A3322ABD8BF700830162 /* Pretendard-Black.otf */; };
		EE39A33C2ABD8BF700830162 /* Pretendard-Thin.otf in Resources */ = {isa = PBXBuildFile; fileRef = EE39A3332ABD8BF700830162 /* Pretendard-Thin.otf */; };
		EE39A33D2ABD8BF700830162 /* Pretendard-Medium.otf in Resources */ = {isa = PBXBuildFile; fileRef = EE39A3342ABD8BF700830162 /* Pretendard-Medium.otf */; };
		EE4C55B22AA8CB7000308807 /* Users+CoreDataClass.swift in Sources */ = {isa = PBXBuildFile; fileRef = EE4C55AE2AA8CB7000308807 /* Users+CoreDataClass.swift */; };
		EE4C55B32AA8CB7000308807 /* Users+CoreDataProperties.swift in Sources */ = {isa = PBXBuildFile; fileRef = EE4C55AF2AA8CB7000308807 /* Users+CoreDataProperties.swift */; };
		EE4C55B42AA8CB7000308807 /* Categories+CoreDataClass.swift in Sources */ = {isa = PBXBuildFile; fileRef = EE4C55B02AA8CB7000308807 /* Categories+CoreDataClass.swift */; };
		EE4C55B52AA8CB7000308807 /* Categories+CoreDataProperties.swift in Sources */ = {isa = PBXBuildFile; fileRef = EE4C55B12AA8CB7000308807 /* Categories+CoreDataProperties.swift */; };
		EE5F1A3C2A9E3BC1002745C7 /* PopUpViewAtDetail.swift in Sources */ = {isa = PBXBuildFile; fileRef = EE5F1A3B2A9E3BC1002745C7 /* PopUpViewAtDetail.swift */; };
		EE63FDAF2A94395E005DD117 /* StringExtension.swift in Sources */ = {isa = PBXBuildFile; fileRef = EE63FDAE2A94395E005DD117 /* StringExtension.swift */; };
		EE63FDBC2A9650BD005DD117 /* CategoryManager.swift in Sources */ = {isa = PBXBuildFile; fileRef = EE63FDBB2A9650BD005DD117 /* CategoryManager.swift */; };
		EE73FD0E2A90EFEC00719D26 /* PopUpViewController.swift in Sources */ = {isa = PBXBuildFile; fileRef = EE73FD0D2A90EFEC00719D26 /* PopUpViewController.swift */; };
		EE73FD102A90F05E00719D26 /* MyPopUpView.swift in Sources */ = {isa = PBXBuildFile; fileRef = EE73FD0F2A90F05E00719D26 /* MyPopUpView.swift */; };
		EE752AF62A67E2AA002B6AE2 /* DetailViewController.swift in Sources */ = {isa = PBXBuildFile; fileRef = EE752AF52A67E2AA002B6AE2 /* DetailViewController.swift */; };
		EE752AF82A6833F1002B6AE2 /* CustomCell.swift in Sources */ = {isa = PBXBuildFile; fileRef = EE752AF72A6833F1002B6AE2 /* CustomCell.swift */; };
		EE752AFA2A7A3D02002B6AE2 /* ResultViewController.swift in Sources */ = {isa = PBXBuildFile; fileRef = EE752AF92A7A3D02002B6AE2 /* ResultViewController.swift */; };
		EE752AFD2A7A3D7A002B6AE2 /* NaviHelper.swift in Sources */ = {isa = PBXBuildFile; fileRef = EE752AFC2A7A3D7A002B6AE2 /* NaviHelper.swift */; };
		EEC2D6AA2A60EC630015C715 /* AppDelegate.swift in Sources */ = {isa = PBXBuildFile; fileRef = EEC2D6A92A60EC630015C715 /* AppDelegate.swift */; };
		EEC2D6AC2A60EC630015C715 /* SceneDelegate.swift in Sources */ = {isa = PBXBuildFile; fileRef = EEC2D6AB2A60EC630015C715 /* SceneDelegate.swift */; };
		EEC2D6AE2A60EC630015C715 /* MainViewController.swift in Sources */ = {isa = PBXBuildFile; fileRef = EEC2D6AD2A60EC630015C715 /* MainViewController.swift */; };
		EEC2D6B42A60EC630015C715 /* INUPhoneBook.xcdatamodeld in Sources */ = {isa = PBXBuildFile; fileRef = EEC2D6B22A60EC630015C715 /* INUPhoneBook.xcdatamodeld */; };
		EEC2D6B62A60EC640015C715 /* Assets.xcassets in Resources */ = {isa = PBXBuildFile; fileRef = EEC2D6B52A60EC640015C715 /* Assets.xcassets */; };
		EEC2D6B92A60EC640015C715 /* LaunchScreen.storyboard in Resources */ = {isa = PBXBuildFile; fileRef = EEC2D6B72A60EC640015C715 /* LaunchScreen.storyboard */; };
		EEC2D6C42A60F8D80015C715 /* LikeViewController.swift in Sources */ = {isa = PBXBuildFile; fileRef = EEC2D6C32A60F8D80015C715 /* LikeViewController.swift */; };
		EEC2D6C72A60F94E0015C715 /* SnapKit in Frameworks */ = {isa = PBXBuildFile; productRef = EEC2D6C62A60F94E0015C715 /* SnapKit */; };
		EEC732492A8BB3A60059A709 /* SavedCustomCell.swift in Sources */ = {isa = PBXBuildFile; fileRef = EEC732482A8BB3A60059A709 /* SavedCustomCell.swift */; };
/* End PBXBuildFile section */

/* Begin PBXFileReference section */
		A04762A7C6F0F67241B460EC /* Pods-INUPhoneBook.release.xcconfig */ = {isa = PBXFileReference; includeInIndex = 1; lastKnownFileType = text.xcconfig; name = "Pods-INUPhoneBook.release.xcconfig"; path = "Target Support Files/Pods-INUPhoneBook/Pods-INUPhoneBook.release.xcconfig"; sourceTree = "<group>"; };
		C7D4F627CDF64F28CC0C2533 /* Pods_INUPhoneBook.framework */ = {isa = PBXFileReference; explicitFileType = wrapper.framework; includeInIndex = 0; path = Pods_INUPhoneBook.framework; sourceTree = BUILT_PRODUCTS_DIR; };
		D9A83BED1F5F0CD043009D92 /* Pods-INUPhoneBook.debug.xcconfig */ = {isa = PBXFileReference; includeInIndex = 1; lastKnownFileType = text.xcconfig; name = "Pods-INUPhoneBook.debug.xcconfig"; path = "Target Support Files/Pods-INUPhoneBook/Pods-INUPhoneBook.debug.xcconfig"; sourceTree = "<group>"; };
		EE1678B62AAC919D000558EC /* UIImageExtension.swift */ = {isa = PBXFileReference; lastKnownFileType = sourcecode.swift; path = UIImageExtension.swift; sourceTree = "<group>"; };
		EE1678D12AB2B1FF000558EC /* ConfirmPopUp.swift */ = {isa = PBXFileReference; lastKnownFileType = sourcecode.swift; path = ConfirmPopUp.swift; sourceTree = "<group>"; };
		EE1678D62AB2F07E000558EC /* UIColorExtension.swift */ = {isa = PBXFileReference; lastKnownFileType = sourcecode.swift; path = UIColorExtension.swift; sourceTree = "<group>"; };
		EE17F08F2A82584600BA7EF0 /* SplashScreen.mp4 */ = {isa = PBXFileReference; lastKnownFileType = file; path = SplashScreen.mp4; sourceTree = "<group>"; };
		EE17F0922A825A9000BA7EF0 /* SplashScreenController.swift */ = {isa = PBXFileReference; lastKnownFileType = sourcecode.swift; path = SplashScreenController.swift; sourceTree = "<group>"; };
		EE17F0A52A83385A00BA7EF0 /* UserManager.swift */ = {isa = PBXFileReference; lastKnownFileType = sourcecode.swift; path = UserManager.swift; sourceTree = "<group>"; };
		EE17F0A82A8338B100BA7EF0 /* NetworkManager.swift */ = {isa = PBXFileReference; lastKnownFileType = sourcecode.swift; path = NetworkManager.swift; sourceTree = "<group>"; };
		EE17F0AA2A83395F00BA7EF0 /* User.swift */ = {isa = PBXFileReference; lastKnownFileType = sourcecode.swift; path = User.swift; sourceTree = "<group>"; };
		EE17F0AC2A83574F00BA7EF0 /* CoreDataManager.swift */ = {isa = PBXFileReference; lastKnownFileType = sourcecode.swift; path = CoreDataManager.swift; sourceTree = "<group>"; };
		EE39A3082AB8748500830162 /* SearchBarExtension.swift */ = {isa = PBXFileReference; lastKnownFileType = sourcecode.swift; path = SearchBarExtension.swift; sourceTree = "<group>"; };
		EE39A32C2ABD8BF700830162 /* Pretendard-SemiBold.otf */ = {isa = PBXFileReference; lastKnownFileType = file; name = "Pretendard-SemiBold.otf"; path = "INUPhoneBook/Font/Pretendard-SemiBold.otf"; sourceTree = SOURCE_ROOT; };
		EE39A32D2ABD8BF700830162 /* Pretendard-Regular.otf */ = {isa = PBXFileReference; lastKnownFileType = file; name = "Pretendard-Regular.otf"; path = "INUPhoneBook/Font/Pretendard-Regular.otf"; sourceTree = SOURCE_ROOT; };
		EE39A32E2ABD8BF700830162 /* Pretendard-Light.otf */ = {isa = PBXFileReference; lastKnownFileType = file; name = "Pretendard-Light.otf"; path = "INUPhoneBook/Font/Pretendard-Light.otf"; sourceTree = SOURCE_ROOT; };
		EE39A32F2ABD8BF700830162 /* Pretendard-Bold.otf */ = {isa = PBXFileReference; lastKnownFileType = file; name = "Pretendard-Bold.otf"; path = "INUPhoneBook/Font/Pretendard-Bold.otf"; sourceTree = SOURCE_ROOT; };
		EE39A3302ABD8BF700830162 /* Pretendard-ExtraBold.otf */ = {isa = PBXFileReference; lastKnownFileType = file; name = "Pretendard-ExtraBold.otf"; path = "INUPhoneBook/Font/Pretendard-ExtraBold.otf"; sourceTree = SOURCE_ROOT; };
		EE39A3312ABD8BF700830162 /* Pretendard-ExtraLight.otf */ = {isa = PBXFileReference; lastKnownFileType = file; name = "Pretendard-ExtraLight.otf"; path = "INUPhoneBook/Font/Pretendard-ExtraLight.otf"; sourceTree = SOURCE_ROOT; };
		EE39A3322ABD8BF700830162 /* Pretendard-Black.otf */ = {isa = PBXFileReference; lastKnownFileType = file; name = "Pretendard-Black.otf"; path = "INUPhoneBook/Font/Pretendard-Black.otf"; sourceTree = SOURCE_ROOT; };
		EE39A3332ABD8BF700830162 /* Pretendard-Thin.otf */ = {isa = PBXFileReference; lastKnownFileType = file; name = "Pretendard-Thin.otf"; path = "INUPhoneBook/Font/Pretendard-Thin.otf"; sourceTree = SOURCE_ROOT; };
		EE39A3342ABD8BF700830162 /* Pretendard-Medium.otf */ = {isa = PBXFileReference; lastKnownFileType = file; name = "Pretendard-Medium.otf"; path = "INUPhoneBook/Font/Pretendard-Medium.otf"; sourceTree = SOURCE_ROOT; };
		EE4C55AE2AA8CB7000308807 /* Users+CoreDataClass.swift */ = {isa = PBXFileReference; lastKnownFileType = sourcecode.swift; path = "Users+CoreDataClass.swift"; sourceTree = SOURCE_ROOT; };
		EE4C55AF2AA8CB7000308807 /* Users+CoreDataProperties.swift */ = {isa = PBXFileReference; lastKnownFileType = sourcecode.swift; path = "Users+CoreDataProperties.swift"; sourceTree = SOURCE_ROOT; };
		EE4C55B02AA8CB7000308807 /* Categories+CoreDataClass.swift */ = {isa = PBXFileReference; lastKnownFileType = sourcecode.swift; path = "Categories+CoreDataClass.swift"; sourceTree = SOURCE_ROOT; };
		EE4C55B12AA8CB7000308807 /* Categories+CoreDataProperties.swift */ = {isa = PBXFileReference; lastKnownFileType = sourcecode.swift; path = "Categories+CoreDataProperties.swift"; sourceTree = SOURCE_ROOT; };
		EE5F1A3B2A9E3BC1002745C7 /* PopUpViewAtDetail.swift */ = {isa = PBXFileReference; lastKnownFileType = sourcecode.swift; path = PopUpViewAtDetail.swift; sourceTree = "<group>"; };
		EE63FDAE2A94395E005DD117 /* StringExtension.swift */ = {isa = PBXFileReference; lastKnownFileType = sourcecode.swift; path = StringExtension.swift; sourceTree = "<group>"; };
		EE63FDBB2A9650BD005DD117 /* CategoryManager.swift */ = {isa = PBXFileReference; lastKnownFileType = sourcecode.swift; path = CategoryManager.swift; sourceTree = "<group>"; };
		EE73FD0D2A90EFEC00719D26 /* PopUpViewController.swift */ = {isa = PBXFileReference; lastKnownFileType = sourcecode.swift; path = PopUpViewController.swift; sourceTree = "<group>"; };
		EE73FD0F2A90F05E00719D26 /* MyPopUpView.swift */ = {isa = PBXFileReference; lastKnownFileType = sourcecode.swift; path = MyPopUpView.swift; sourceTree = "<group>"; };
		EE752AF52A67E2AA002B6AE2 /* DetailViewController.swift */ = {isa = PBXFileReference; lastKnownFileType = sourcecode.swift; path = DetailViewController.swift; sourceTree = "<group>"; };
		EE752AF72A6833F1002B6AE2 /* CustomCell.swift */ = {isa = PBXFileReference; lastKnownFileType = sourcecode.swift; path = CustomCell.swift; sourceTree = "<group>"; };
		EE752AF92A7A3D02002B6AE2 /* ResultViewController.swift */ = {isa = PBXFileReference; lastKnownFileType = sourcecode.swift; path = ResultViewController.swift; sourceTree = "<group>"; };
		EE752AFC2A7A3D7A002B6AE2 /* NaviHelper.swift */ = {isa = PBXFileReference; lastKnownFileType = sourcecode.swift; path = NaviHelper.swift; sourceTree = "<group>"; };
		EEC2D6A62A60EC630015C715 /* INUPhoneBook.app */ = {isa = PBXFileReference; explicitFileType = wrapper.application; includeInIndex = 0; path = INUPhoneBook.app; sourceTree = BUILT_PRODUCTS_DIR; };
		EEC2D6A92A60EC630015C715 /* AppDelegate.swift */ = {isa = PBXFileReference; lastKnownFileType = sourcecode.swift; path = AppDelegate.swift; sourceTree = "<group>"; };
		EEC2D6AB2A60EC630015C715 /* SceneDelegate.swift */ = {isa = PBXFileReference; lastKnownFileType = sourcecode.swift; path = SceneDelegate.swift; sourceTree = "<group>"; };
		EEC2D6AD2A60EC630015C715 /* MainViewController.swift */ = {isa = PBXFileReference; lastKnownFileType = sourcecode.swift; path = MainViewController.swift; sourceTree = "<group>"; };
		EEC2D6B32A60EC630015C715 /* INUPhoneBook.xcdatamodel */ = {isa = PBXFileReference; lastKnownFileType = wrapper.xcdatamodel; path = INUPhoneBook.xcdatamodel; sourceTree = "<group>"; };
		EEC2D6B52A60EC640015C715 /* Assets.xcassets */ = {isa = PBXFileReference; lastKnownFileType = folder.assetcatalog; path = Assets.xcassets; sourceTree = "<group>"; };
		EEC2D6B82A60EC640015C715 /* Base */ = {isa = PBXFileReference; lastKnownFileType = file.storyboard; name = Base; path = Base.lproj/LaunchScreen.storyboard; sourceTree = "<group>"; };
		EEC2D6BA2A60EC640015C715 /* Info.plist */ = {isa = PBXFileReference; lastKnownFileType = text.plist.xml; path = Info.plist; sourceTree = "<group>"; };
		EEC2D6C32A60F8D80015C715 /* LikeViewController.swift */ = {isa = PBXFileReference; lastKnownFileType = sourcecode.swift; path = LikeViewController.swift; sourceTree = "<group>"; };
		EEC732482A8BB3A60059A709 /* SavedCustomCell.swift */ = {isa = PBXFileReference; lastKnownFileType = sourcecode.swift; path = SavedCustomCell.swift; sourceTree = "<group>"; };
/* End PBXFileReference section */

/* Begin PBXFrameworksBuildPhase section */
		EEC2D6A32A60EC630015C715 /* Frameworks */ = {
			isa = PBXFrameworksBuildPhase;
			buildActionMask = 2147483647;
			files = (
				EEC2D6C72A60F94E0015C715 /* SnapKit in Frameworks */,
				5B27696BB4895E0E997CD77A /* Pods_INUPhoneBook.framework in Frameworks */,
			);
			runOnlyForDeploymentPostprocessing = 0;
		};
/* End PBXFrameworksBuildPhase section */

/* Begin PBXGroup section */
		9B411BDAEAC7CEFB7D4B59EB /* Pods */ = {
			isa = PBXGroup;
			children = (
				D9A83BED1F5F0CD043009D92 /* Pods-INUPhoneBook.debug.xcconfig */,
				A04762A7C6F0F67241B460EC /* Pods-INUPhoneBook.release.xcconfig */,
			);
			path = Pods;
			sourceTree = "<group>";
		};
		EE17F0912A825A2A00BA7EF0 /* Video */ = {
			isa = PBXGroup;
			children = (
				EE17F08F2A82584600BA7EF0 /* SplashScreen.mp4 */,
			);
			path = Video;
			sourceTree = "<group>";
		};
		EE17F0A72A83389200BA7EF0 /* Networking */ = {
			isa = PBXGroup;
			children = (
				EE17F0A82A8338B100BA7EF0 /* NetworkManager.swift */,
			);
			path = Networking;
			sourceTree = "<group>";
		};
		EE39A3172ABD8BB200830162 /* Fonts */ = {
			isa = PBXGroup;
			children = (
				EE39A3322ABD8BF700830162 /* Pretendard-Black.otf */,
				EE39A32F2ABD8BF700830162 /* Pretendard-Bold.otf */,
				EE39A3302ABD8BF700830162 /* Pretendard-ExtraBold.otf */,
				EE39A3312ABD8BF700830162 /* Pretendard-ExtraLight.otf */,
				EE39A32E2ABD8BF700830162 /* Pretendard-Light.otf */,
				EE39A3342ABD8BF700830162 /* Pretendard-Medium.otf */,
				EE39A32D2ABD8BF700830162 /* Pretendard-Regular.otf */,
				EE39A32C2ABD8BF700830162 /* Pretendard-SemiBold.otf */,
				EE39A3332ABD8BF700830162 /* Pretendard-Thin.otf */,
			);
			path = Fonts;
			sourceTree = "<group>";
		};
		EE63FDB02A943962005DD117 /* Extension */ = {
			isa = PBXGroup;
			children = (
				EE63FDAE2A94395E005DD117 /* StringExtension.swift */,
				EE1678B62AAC919D000558EC /* UIImageExtension.swift */,
				EE1678D62AB2F07E000558EC /* UIColorExtension.swift */,
				EE39A3082AB8748500830162 /* SearchBarExtension.swift */,
			);
			path = Extension;
			sourceTree = "<group>";
		};
		EE752AFB2A7A3D5A002B6AE2 /* Helpers */ = {
			isa = PBXGroup;
			children = (
				EE752AFC2A7A3D7A002B6AE2 /* NaviHelper.swift */,
			);
			path = Helpers;
			sourceTree = "<group>";
		};
		EEC2D69D2A60EC620015C715 = {
			isa = PBXGroup;
			children = (
				EEC2D6A82A60EC630015C715 /* INUPhoneBook */,
				EEC2D6A72A60EC630015C715 /* Products */,
				9B411BDAEAC7CEFB7D4B59EB /* Pods */,
				FD0C10488C9A43148CF65E25 /* Frameworks */,
			);
			sourceTree = "<group>";
		};
		EEC2D6A72A60EC630015C715 /* Products */ = {
			isa = PBXGroup;
			children = (
				EEC2D6A62A60EC630015C715 /* INUPhoneBook.app */,
			);
			name = Products;
			sourceTree = "<group>";
		};
		EEC2D6A82A60EC630015C715 /* INUPhoneBook */ = {
			isa = PBXGroup;
			children = (
				EEC2D6A92A60EC630015C715 /* AppDelegate.swift */,
				EEC2D6AB2A60EC630015C715 /* SceneDelegate.swift */,
				EE63FDB02A943962005DD117 /* Extension */,
				EE752AFB2A7A3D5A002B6AE2 /* Helpers */,
				EE17F0A72A83389200BA7EF0 /* Networking */,
				EEC2D6C12A60F8210015C715 /* Models */,
				EEC2D6C02A60F81A0015C715 /* View */,
				EEC2D6C22A60F82A0015C715 /* Controllers */,
				EE39A3172ABD8BB200830162 /* Fonts */,
				EE17F0912A825A2A00BA7EF0 /* Video */,
				EEC2D6B52A60EC640015C715 /* Assets.xcassets */,
				EEC2D6B72A60EC640015C715 /* LaunchScreen.storyboard */,
				EEC2D6BA2A60EC640015C715 /* Info.plist */,
				EEC2D6B22A60EC630015C715 /* INUPhoneBook.xcdatamodeld */,
			);
			path = INUPhoneBook;
			sourceTree = "<group>";
		};
		EEC2D6C02A60F81A0015C715 /* View */ = {
			isa = PBXGroup;
			children = (
				EE752AF72A6833F1002B6AE2 /* CustomCell.swift */,
				EEC732482A8BB3A60059A709 /* SavedCustomCell.swift */,
			);
			path = View;
			sourceTree = "<group>";
		};
		EEC2D6C12A60F8210015C715 /* Models */ = {
			isa = PBXGroup;
			children = (
				EE4C55AE2AA8CB7000308807 /* Users+CoreDataClass.swift */,
				EE4C55AF2AA8CB7000308807 /* Users+CoreDataProperties.swift */,
				EE4C55B02AA8CB7000308807 /* Categories+CoreDataClass.swift */,
				EE4C55B12AA8CB7000308807 /* Categories+CoreDataProperties.swift */,
				EE17F0AA2A83395F00BA7EF0 /* User.swift */,
				EE17F0A52A83385A00BA7EF0 /* UserManager.swift */,
				EE17F0AC2A83574F00BA7EF0 /* CoreDataManager.swift */,
				EE63FDBB2A9650BD005DD117 /* CategoryManager.swift */,
			);
			path = Models;
			sourceTree = "<group>";
		};
		EEC2D6C22A60F82A0015C715 /* Controllers */ = {
			isa = PBXGroup;
			children = (
				EE17F0922A825A9000BA7EF0 /* SplashScreenController.swift */,
				EEC2D6AD2A60EC630015C715 /* MainViewController.swift */,
				EE752AF92A7A3D02002B6AE2 /* ResultViewController.swift */,
				EEC2D6C32A60F8D80015C715 /* LikeViewController.swift */,
				EE752AF52A67E2AA002B6AE2 /* DetailViewController.swift */,
				EE73FD0D2A90EFEC00719D26 /* PopUpViewController.swift */,
				EE73FD0F2A90F05E00719D26 /* MyPopUpView.swift */,
				EE5F1A3B2A9E3BC1002745C7 /* PopUpViewAtDetail.swift */,
				EE1678D12AB2B1FF000558EC /* ConfirmPopUp.swift */,
			);
			path = Controllers;
			sourceTree = "<group>";
		};
		FD0C10488C9A43148CF65E25 /* Frameworks */ = {
			isa = PBXGroup;
			children = (
				C7D4F627CDF64F28CC0C2533 /* Pods_INUPhoneBook.framework */,
			);
			name = Frameworks;
			sourceTree = "<group>";
		};
/* End PBXGroup section */

/* Begin PBXNativeTarget section */
		EEC2D6A52A60EC630015C715 /* INUPhoneBook */ = {
			isa = PBXNativeTarget;
			buildConfigurationList = EEC2D6BD2A60EC640015C715 /* Build configuration list for PBXNativeTarget "INUPhoneBook" */;
			buildPhases = (
				076F58C75698027E503C8987 /* [CP] Check Pods Manifest.lock */,
				EEC2D6A22A60EC630015C715 /* Sources */,
				EEC2D6A32A60EC630015C715 /* Frameworks */,
				EEC2D6A42A60EC630015C715 /* Resources */,
				E64242F0F3BBBB3FB250C9C9 /* [CP] Embed Pods Frameworks */,
			);
			buildRules = (
			);
			dependencies = (
			);
			name = INUPhoneBook;
			packageProductDependencies = (
				EEC2D6C62A60F94E0015C715 /* SnapKit */,
			);
			productName = INUPhoneBook;
			productReference = EEC2D6A62A60EC630015C715 /* INUPhoneBook.app */;
			productType = "com.apple.product-type.application";
		};
/* End PBXNativeTarget section */

/* Begin PBXProject section */
		EEC2D69E2A60EC620015C715 /* Project object */ = {
			isa = PBXProject;
			attributes = {
				BuildIndependentTargetsInParallel = 1;
				LastSwiftUpdateCheck = 1410;
				LastUpgradeCheck = 1410;
				TargetAttributes = {
					EEC2D6A52A60EC630015C715 = {
						CreatedOnToolsVersion = 14.1;
					};
				};
			};
			buildConfigurationList = EEC2D6A12A60EC620015C715 /* Build configuration list for PBXProject "INUPhoneBook" */;
			compatibilityVersion = "Xcode 14.0";
			developmentRegion = en;
			hasScannedForEncodings = 0;
			knownRegions = (
				en,
				Base,
			);
			mainGroup = EEC2D69D2A60EC620015C715;
			packageReferences = (
				EEC2D6C52A60F94E0015C715 /* XCRemoteSwiftPackageReference "SnapKit" */,
			);
			productRefGroup = EEC2D6A72A60EC630015C715 /* Products */;
			projectDirPath = "";
			projectRoot = "";
			targets = (
				EEC2D6A52A60EC630015C715 /* INUPhoneBook */,
			);
		};
/* End PBXProject section */

/* Begin PBXResourcesBuildPhase section */
		EEC2D6A42A60EC630015C715 /* Resources */ = {
			isa = PBXResourcesBuildPhase;
			buildActionMask = 2147483647;
			files = (
				EE39A33A2ABD8BF700830162 /* Pretendard-ExtraLight.otf in Resources */,
				EE17F0902A82584600BA7EF0 /* SplashScreen.mp4 in Resources */,
				EEC2D6B92A60EC640015C715 /* LaunchScreen.storyboard in Resources */,
				EE39A3392ABD8BF700830162 /* Pretendard-ExtraBold.otf in Resources */,
				EE39A33B2ABD8BF700830162 /* Pretendard-Black.otf in Resources */,
				EE39A3382ABD8BF700830162 /* Pretendard-Bold.otf in Resources */,
				EE39A3362ABD8BF700830162 /* Pretendard-Regular.otf in Resources */,
				EEC2D6B62A60EC640015C715 /* Assets.xcassets in Resources */,
				EE39A3352ABD8BF700830162 /* Pretendard-SemiBold.otf in Resources */,
				EE39A33C2ABD8BF700830162 /* Pretendard-Thin.otf in Resources */,
				EE39A3372ABD8BF700830162 /* Pretendard-Light.otf in Resources */,
				EE39A33D2ABD8BF700830162 /* Pretendard-Medium.otf in Resources */,
			);
			runOnlyForDeploymentPostprocessing = 0;
		};
/* End PBXResourcesBuildPhase section */

/* Begin PBXShellScriptBuildPhase section */
		076F58C75698027E503C8987 /* [CP] Check Pods Manifest.lock */ = {
			isa = PBXShellScriptBuildPhase;
			buildActionMask = 2147483647;
			files = (
			);
			inputFileListPaths = (
			);
			inputPaths = (
				"${PODS_PODFILE_DIR_PATH}/Podfile.lock",
				"${PODS_ROOT}/Manifest.lock",
			);
			name = "[CP] Check Pods Manifest.lock";
			outputFileListPaths = (
			);
			outputPaths = (
				"$(DERIVED_FILE_DIR)/Pods-INUPhoneBook-checkManifestLockResult.txt",
			);
			runOnlyForDeploymentPostprocessing = 0;
			shellPath = /bin/sh;
			shellScript = "diff \"${PODS_PODFILE_DIR_PATH}/Podfile.lock\" \"${PODS_ROOT}/Manifest.lock\" > /dev/null\nif [ $? != 0 ] ; then\n    # print error to STDERR\n    echo \"error: The sandbox is not in sync with the Podfile.lock. Run 'pod install' or update your CocoaPods installation.\" >&2\n    exit 1\nfi\n# This output is used by Xcode 'outputs' to avoid re-running this script phase.\necho \"SUCCESS\" > \"${SCRIPT_OUTPUT_FILE_0}\"\n";
			showEnvVarsInLog = 0;
		};
		E64242F0F3BBBB3FB250C9C9 /* [CP] Embed Pods Frameworks */ = {
			isa = PBXShellScriptBuildPhase;
			buildActionMask = 2147483647;
			files = (
			);
			inputFileListPaths = (
				"${PODS_ROOT}/Target Support Files/Pods-INUPhoneBook/Pods-INUPhoneBook-frameworks-${CONFIGURATION}-input-files.xcfilelist",
			);
			name = "[CP] Embed Pods Frameworks";
			outputFileListPaths = (
				"${PODS_ROOT}/Target Support Files/Pods-INUPhoneBook/Pods-INUPhoneBook-frameworks-${CONFIGURATION}-output-files.xcfilelist",
			);
			runOnlyForDeploymentPostprocessing = 0;
			shellPath = /bin/sh;
			shellScript = "\"${PODS_ROOT}/Target Support Files/Pods-INUPhoneBook/Pods-INUPhoneBook-frameworks.sh\"\n";
			showEnvVarsInLog = 0;
		};
/* End PBXShellScriptBuildPhase section */

/* Begin PBXSourcesBuildPhase section */
		EEC2D6A22A60EC630015C715 /* Sources */ = {
			isa = PBXSourcesBuildPhase;
			buildActionMask = 2147483647;
			files = (
				EE73FD102A90F05E00719D26 /* MyPopUpView.swift in Sources */,
				EE5F1A3C2A9E3BC1002745C7 /* PopUpViewAtDetail.swift in Sources */,
				EEC2D6AE2A60EC630015C715 /* MainViewController.swift in Sources */,
				EE752AFD2A7A3D7A002B6AE2 /* NaviHelper.swift in Sources */,
				EEC2D6AA2A60EC630015C715 /* AppDelegate.swift in Sources */,
				EE4C55B42AA8CB7000308807 /* Categories+CoreDataClass.swift in Sources */,
				EE17F0A62A83385A00BA7EF0 /* UserManager.swift in Sources */,
				EE4C55B52AA8CB7000308807 /* Categories+CoreDataProperties.swift in Sources */,
				EEC2D6B42A60EC630015C715 /* INUPhoneBook.xcdatamodeld in Sources */,
				EE1678D22AB2B1FF000558EC /* ConfirmPopUp.swift in Sources */,
				EE17F0932A825A9000BA7EF0 /* SplashScreenController.swift in Sources */,
				EEC732492A8BB3A60059A709 /* SavedCustomCell.swift in Sources */,
				EE1678B72AAC919D000558EC /* UIImageExtension.swift in Sources */,
				EE73FD0E2A90EFEC00719D26 /* PopUpViewController.swift in Sources */,
				EE1678D72AB2F07E000558EC /* UIColorExtension.swift in Sources */,
				EE39A3092AB8748500830162 /* SearchBarExtension.swift in Sources */,
				EE752AFA2A7A3D02002B6AE2 /* ResultViewController.swift in Sources */,
				EE63FDBC2A9650BD005DD117 /* CategoryManager.swift in Sources */,
				EE17F0AB2A83395F00BA7EF0 /* User.swift in Sources */,
				EE63FDAF2A94395E005DD117 /* StringExtension.swift in Sources */,
				EE4C55B22AA8CB7000308807 /* Users+CoreDataClass.swift in Sources */,
				EE752AF62A67E2AA002B6AE2 /* DetailViewController.swift in Sources */,
				EE4C55B32AA8CB7000308807 /* Users+CoreDataProperties.swift in Sources */,
				EEC2D6AC2A60EC630015C715 /* SceneDelegate.swift in Sources */,
				EE17F0A92A8338B100BA7EF0 /* NetworkManager.swift in Sources */,
				EE752AF82A6833F1002B6AE2 /* CustomCell.swift in Sources */,
				EE17F0AD2A83574F00BA7EF0 /* CoreDataManager.swift in Sources */,
				EEC2D6C42A60F8D80015C715 /* LikeViewController.swift in Sources */,
			);
			runOnlyForDeploymentPostprocessing = 0;
		};
/* End PBXSourcesBuildPhase section */

/* Begin PBXVariantGroup section */
		EEC2D6B72A60EC640015C715 /* LaunchScreen.storyboard */ = {
			isa = PBXVariantGroup;
			children = (
				EEC2D6B82A60EC640015C715 /* Base */,
			);
			name = LaunchScreen.storyboard;
			sourceTree = "<group>";
		};
/* End PBXVariantGroup section */

/* Begin XCBuildConfiguration section */
		EEC2D6BB2A60EC640015C715 /* Debug */ = {
			isa = XCBuildConfiguration;
			buildSettings = {
				ALWAYS_SEARCH_USER_PATHS = NO;
				CLANG_ANALYZER_NONNULL = YES;
				CLANG_ANALYZER_NUMBER_OBJECT_CONVERSION = YES_AGGRESSIVE;
				CLANG_CXX_LANGUAGE_STANDARD = "gnu++20";
				CLANG_ENABLE_MODULES = YES;
				CLANG_ENABLE_OBJC_ARC = YES;
				CLANG_ENABLE_OBJC_WEAK = YES;
				CLANG_WARN_BLOCK_CAPTURE_AUTORELEASING = YES;
				CLANG_WARN_BOOL_CONVERSION = YES;
				CLANG_WARN_COMMA = YES;
				CLANG_WARN_CONSTANT_CONVERSION = YES;
				CLANG_WARN_DEPRECATED_OBJC_IMPLEMENTATIONS = YES;
				CLANG_WARN_DIRECT_OBJC_ISA_USAGE = YES_ERROR;
				CLANG_WARN_DOCUMENTATION_COMMENTS = YES;
				CLANG_WARN_EMPTY_BODY = YES;
				CLANG_WARN_ENUM_CONVERSION = YES;
				CLANG_WARN_INFINITE_RECURSION = YES;
				CLANG_WARN_INT_CONVERSION = YES;
				CLANG_WARN_NON_LITERAL_NULL_CONVERSION = YES;
				CLANG_WARN_OBJC_IMPLICIT_RETAIN_SELF = YES;
				CLANG_WARN_OBJC_LITERAL_CONVERSION = YES;
				CLANG_WARN_OBJC_ROOT_CLASS = YES_ERROR;
				CLANG_WARN_QUOTED_INCLUDE_IN_FRAMEWORK_HEADER = YES;
				CLANG_WARN_RANGE_LOOP_ANALYSIS = YES;
				CLANG_WARN_STRICT_PROTOTYPES = YES;
				CLANG_WARN_SUSPICIOUS_MOVE = YES;
				CLANG_WARN_UNGUARDED_AVAILABILITY = YES_AGGRESSIVE;
				CLANG_WARN_UNREACHABLE_CODE = YES;
				CLANG_WARN__DUPLICATE_METHOD_MATCH = YES;
				COPY_PHASE_STRIP = NO;
				DEBUG_INFORMATION_FORMAT = dwarf;
				ENABLE_STRICT_OBJC_MSGSEND = YES;
				ENABLE_TESTABILITY = YES;
				GCC_C_LANGUAGE_STANDARD = gnu11;
				GCC_DYNAMIC_NO_PIC = NO;
				GCC_NO_COMMON_BLOCKS = YES;
				GCC_OPTIMIZATION_LEVEL = 0;
				GCC_PREPROCESSOR_DEFINITIONS = (
					"DEBUG=1",
					"$(inherited)",
				);
				GCC_WARN_64_TO_32_BIT_CONVERSION = YES;
				GCC_WARN_ABOUT_RETURN_TYPE = YES_ERROR;
				GCC_WARN_UNDECLARED_SELECTOR = YES;
				GCC_WARN_UNINITIALIZED_AUTOS = YES_AGGRESSIVE;
				GCC_WARN_UNUSED_FUNCTION = YES;
				GCC_WARN_UNUSED_VARIABLE = YES;
				IPHONEOS_DEPLOYMENT_TARGET = 11.0;
				MTL_ENABLE_DEBUG_INFO = INCLUDE_SOURCE;
				MTL_FAST_MATH = YES;
				ONLY_ACTIVE_ARCH = YES;
				SDKROOT = iphoneos;
				SWIFT_ACTIVE_COMPILATION_CONDITIONS = DEBUG;
				SWIFT_OPTIMIZATION_LEVEL = "-Onone";
			};
			name = Debug;
		};
		EEC2D6BC2A60EC640015C715 /* Release */ = {
			isa = XCBuildConfiguration;
			buildSettings = {
				ALWAYS_SEARCH_USER_PATHS = NO;
				CLANG_ANALYZER_NONNULL = YES;
				CLANG_ANALYZER_NUMBER_OBJECT_CONVERSION = YES_AGGRESSIVE;
				CLANG_CXX_LANGUAGE_STANDARD = "gnu++20";
				CLANG_ENABLE_MODULES = YES;
				CLANG_ENABLE_OBJC_ARC = YES;
				CLANG_ENABLE_OBJC_WEAK = YES;
				CLANG_WARN_BLOCK_CAPTURE_AUTORELEASING = YES;
				CLANG_WARN_BOOL_CONVERSION = YES;
				CLANG_WARN_COMMA = YES;
				CLANG_WARN_CONSTANT_CONVERSION = YES;
				CLANG_WARN_DEPRECATED_OBJC_IMPLEMENTATIONS = YES;
				CLANG_WARN_DIRECT_OBJC_ISA_USAGE = YES_ERROR;
				CLANG_WARN_DOCUMENTATION_COMMENTS = YES;
				CLANG_WARN_EMPTY_BODY = YES;
				CLANG_WARN_ENUM_CONVERSION = YES;
				CLANG_WARN_INFINITE_RECURSION = YES;
				CLANG_WARN_INT_CONVERSION = YES;
				CLANG_WARN_NON_LITERAL_NULL_CONVERSION = YES;
				CLANG_WARN_OBJC_IMPLICIT_RETAIN_SELF = YES;
				CLANG_WARN_OBJC_LITERAL_CONVERSION = YES;
				CLANG_WARN_OBJC_ROOT_CLASS = YES_ERROR;
				CLANG_WARN_QUOTED_INCLUDE_IN_FRAMEWORK_HEADER = YES;
				CLANG_WARN_RANGE_LOOP_ANALYSIS = YES;
				CLANG_WARN_STRICT_PROTOTYPES = YES;
				CLANG_WARN_SUSPICIOUS_MOVE = YES;
				CLANG_WARN_UNGUARDED_AVAILABILITY = YES_AGGRESSIVE;
				CLANG_WARN_UNREACHABLE_CODE = YES;
				CLANG_WARN__DUPLICATE_METHOD_MATCH = YES;
				COPY_PHASE_STRIP = NO;
				DEBUG_INFORMATION_FORMAT = "dwarf-with-dsym";
				ENABLE_NS_ASSERTIONS = NO;
				ENABLE_STRICT_OBJC_MSGSEND = YES;
				GCC_C_LANGUAGE_STANDARD = gnu11;
				GCC_NO_COMMON_BLOCKS = YES;
				GCC_WARN_64_TO_32_BIT_CONVERSION = YES;
				GCC_WARN_ABOUT_RETURN_TYPE = YES_ERROR;
				GCC_WARN_UNDECLARED_SELECTOR = YES;
				GCC_WARN_UNINITIALIZED_AUTOS = YES_AGGRESSIVE;
				GCC_WARN_UNUSED_FUNCTION = YES;
				GCC_WARN_UNUSED_VARIABLE = YES;
				IPHONEOS_DEPLOYMENT_TARGET = 11.0;
				MTL_ENABLE_DEBUG_INFO = NO;
				MTL_FAST_MATH = YES;
				SDKROOT = iphoneos;
				SWIFT_COMPILATION_MODE = wholemodule;
				SWIFT_OPTIMIZATION_LEVEL = "-O";
				VALIDATE_PRODUCT = YES;
			};
			name = Release;
		};
		EEC2D6BE2A60EC640015C715 /* Debug */ = {
			isa = XCBuildConfiguration;
			baseConfigurationReference = D9A83BED1F5F0CD043009D92 /* Pods-INUPhoneBook.debug.xcconfig */;
			buildSettings = {
				ASSETCATALOG_COMPILER_APPICON_NAME = AppIcon;
				ASSETCATALOG_COMPILER_GLOBAL_ACCENT_COLOR_NAME = AccentColor;
				CODE_SIGN_STYLE = Automatic;
				CURRENT_PROJECT_VERSION = 1;
				GENERATE_INFOPLIST_FILE = YES;
				INFOPLIST_FILE = INUPhoneBook/Info.plist;
				INFOPLIST_KEY_UIApplicationSupportsIndirectInputEvents = YES;
				INFOPLIST_KEY_UILaunchStoryboardName = LaunchScreen;
				INFOPLIST_KEY_UIMainStoryboardFile = "";
				INFOPLIST_KEY_UISupportedInterfaceOrientations = UIInterfaceOrientationPortrait;
				INFOPLIST_KEY_UISupportedInterfaceOrientations_iPad = "UIInterfaceOrientationLandscapeLeft UIInterfaceOrientationLandscapeRight UIInterfaceOrientationPortrait UIInterfaceOrientationPortraitUpsideDown";
				IPHONEOS_DEPLOYMENT_TARGET = 13.0;
				LD_RUNPATH_SEARCH_PATHS = (
					"$(inherited)",
					"@executable_path/Frameworks",
				);
				MARKETING_VERSION = 1.0;
				PRODUCT_BUNDLE_IDENTIFIER = com.yongheon.INUPhoneBook;
				PRODUCT_NAME = "$(TARGET_NAME)";
				SUPPORTED_PLATFORMS = "iphoneos iphonesimulator";
				SUPPORTS_MACCATALYST = NO;
				SUPPORTS_MAC_DESIGNED_FOR_IPHONE_IPAD = NO;
				SWIFT_EMIT_LOC_STRINGS = YES;
				SWIFT_VERSION = 5.0;
				TARGETED_DEVICE_FAMILY = 1;
			};
			name = Debug;
		};
		EEC2D6BF2A60EC640015C715 /* Release */ = {
			isa = XCBuildConfiguration;
			baseConfigurationReference = A04762A7C6F0F67241B460EC /* Pods-INUPhoneBook.release.xcconfig */;
			buildSettings = {
				ASSETCATALOG_COMPILER_APPICON_NAME = AppIcon;
				ASSETCATALOG_COMPILER_GLOBAL_ACCENT_COLOR_NAME = AccentColor;
				CODE_SIGN_STYLE = Automatic;
				CURRENT_PROJECT_VERSION = 1;
				GENERATE_INFOPLIST_FILE = YES;
				INFOPLIST_FILE = INUPhoneBook/Info.plist;
				INFOPLIST_KEY_UIApplicationSupportsIndirectInputEvents = YES;
				INFOPLIST_KEY_UILaunchStoryboardName = LaunchScreen;
				INFOPLIST_KEY_UIMainStoryboardFile = "";
				INFOPLIST_KEY_UISupportedInterfaceOrientations = UIInterfaceOrientationPortrait;
				INFOPLIST_KEY_UISupportedInterfaceOrientations_iPad = "UIInterfaceOrientationLandscapeLeft UIInterfaceOrientationLandscapeRight UIInterfaceOrientationPortrait UIInterfaceOrientationPortraitUpsideDown";
				IPHONEOS_DEPLOYMENT_TARGET = 13.0;
				LD_RUNPATH_SEARCH_PATHS = (
					"$(inherited)",
					"@executable_path/Frameworks",
				);
				MARKETING_VERSION = 1.0;
				PRODUCT_BUNDLE_IDENTIFIER = com.yongheon.INUPhoneBook;
				PRODUCT_NAME = "$(TARGET_NAME)";
				SUPPORTED_PLATFORMS = "iphoneos iphonesimulator";
				SUPPORTS_MACCATALYST = NO;
				SUPPORTS_MAC_DESIGNED_FOR_IPHONE_IPAD = NO;
				SWIFT_EMIT_LOC_STRINGS = YES;
				SWIFT_VERSION = 5.0;
				TARGETED_DEVICE_FAMILY = 1;
			};
			name = Release;
		};
/* End XCBuildConfiguration section */

/* Begin XCConfigurationList section */
		EEC2D6A12A60EC620015C715 /* Build configuration list for PBXProject "INUPhoneBook" */ = {
			isa = XCConfigurationList;
			buildConfigurations = (
				EEC2D6BB2A60EC640015C715 /* Debug */,
				EEC2D6BC2A60EC640015C715 /* Release */,
			);
			defaultConfigurationIsVisible = 0;
			defaultConfigurationName = Release;
		};
		EEC2D6BD2A60EC640015C715 /* Build configuration list for PBXNativeTarget "INUPhoneBook" */ = {
			isa = XCConfigurationList;
			buildConfigurations = (
				EEC2D6BE2A60EC640015C715 /* Debug */,
				EEC2D6BF2A60EC640015C715 /* Release */,
			);
			defaultConfigurationIsVisible = 0;
			defaultConfigurationName = Release;
		};
/* End XCConfigurationList section */

/* Begin XCRemoteSwiftPackageReference section */
		EEC2D6C52A60F94E0015C715 /* XCRemoteSwiftPackageReference "SnapKit" */ = {
			isa = XCRemoteSwiftPackageReference;
			repositoryURL = "https://github.com/SnapKit/SnapKit.git";
			requirement = {
				branch = develop;
				kind = branch;
			};
		};
/* End XCRemoteSwiftPackageReference section */

/* Begin XCSwiftPackageProductDependency section */
		EEC2D6C62A60F94E0015C715 /* SnapKit */ = {
			isa = XCSwiftPackageProductDependency;
			package = EEC2D6C52A60F94E0015C715 /* XCRemoteSwiftPackageReference "SnapKit" */;
			productName = SnapKit;
		};
/* End XCSwiftPackageProductDependency section */

/* Begin XCVersionGroup section */
		EEC2D6B22A60EC630015C715 /* INUPhoneBook.xcdatamodeld */ = {
			isa = XCVersionGroup;
			children = (
				EEC2D6B32A60EC630015C715 /* INUPhoneBook.xcdatamodel */,
			);
			currentVersion = EEC2D6B32A60EC630015C715 /* INUPhoneBook.xcdatamodel */;
			path = INUPhoneBook.xcdatamodeld;
			sourceTree = "<group>";
			versionGroupType = wrapper.xcdatamodel;
		};
/* End XCVersionGroup section */
	};
	rootObject = EEC2D69E2A60EC620015C715 /* Project object */;
}
